
Microsoft Visual Studio Solution File, Format Version 11.00
# Visual Studio 2010
Project("{8BC9CEB8-8B4A-11D0-8D11-00A0C91BC942}") = "Cracklib", "Cracklib.vcxproj", "{62DA0A9C-F5B9-2730-85C2-BD98D7BF4547}"
EndProject
Global
	GlobalSection(SolutionConfigurationPlatforms) = preSolution
		Debug|Win32 = Debug|Win32
		Release|Win32 = Release|Win32
	EndGlobalSection
	GlobalSection(ProjectConfigurationPlatforms) = postSolution
		{62DA0A9C-F5B9-2730-85C2-BD98D7BF4547}.Debug|Win32.ActiveCfg = Debug|Win32
		{62DA0A9C-F5B9-2730-85C2-BD98D7BF4547}.Debug|Win32.Build.0 = Debug|Win32
		{62DA0A9C-F5B9-2730-85C2-BD98D7BF4547}.Release|Win32.ActiveCfg = Release|Win32
		{62DA0A9C-F5B9-2730-85C2-BD98D7BF4547}.Release|Win32.Build.0 = Release|Win32
	EndGlobalSection
	GlobalSection(SolutionProperties) = preSolution
		HideSolutionNode = FALSE
	EndGlobalSection
EndGlobal
